
Microsoft Visual Studio Solution File, Format Version 12.00
# Visual Studio 14
VisualStudioVersion = 14.0.25420.1
MinimumVisualStudioVersion = 10.0.40219.1
Project("{8BC9CEB8-8B4A-11D0-8D11-00A0C91BC942}") = "Ball", "StudyPractice5\StudyPractice5.vcxproj", "{E0B20E04-FC2F-4143-B308-842B98D9E034}"
EndProject
Project("{8BC9CEB8-8B4A-11D0-8D11-00A0C91BC942}") = "Diagram", "Diagram\Diagram.vcxproj", "{110E229F-801F-43B0-8B69-187C6ACB4A12}"
EndProject
Project("{8BC9CEB8-8B4A-11D0-8D11-00A0C91BC942}") = "DiagramPie", "DiagramPie\DiagramPie.vcxproj", "{45AC3C61-C318-47E9-ACEB-2A7974A3A366}"
EndProject
Global
	GlobalSection(SolutionConfigurationPlatforms) = preSolution
		Debug|x64 = Debug|x64
		Debug|x86 = Debug|x86
		Release|x64 = Release|x64
		Release|x86 = Release|x86
	EndGlobalSection
	GlobalSection(ProjectConfigurationPlatforms) = postSolution
		{E0B20E04-FC2F-4143-B308-842B98D9E034}.Debug|x64.ActiveCfg = Debug|x64
		{E0B20E04-FC2F-4143-B308-842B98D9E034}.Debug|x64.Build.0 = Debug|x64
		{E0B20E04-FC2F-4143-B308-842B98D9E034}.Debug|x86.ActiveCfg = Debug|Win32
		{E0B20E04-FC2F-4143-B308-842B98D9E034}.Debug|x86.Build.0 = Debug|Win32
		{E0B20E04-FC2F-4143-B308-842B98D9E034}.Release|x64.ActiveCfg = Release|x64
		{E0B20E04-FC2F-4143-B308-842B98D9E034}.Release|x64.Build.0 = Release|x64
		{E0B20E04-FC2F-4143-B308-842B98D9E034}.Release|x86.ActiveCfg = Release|Win32
		{E0B20E04-FC2F-4143-B308-842B98D9E034}.Release|x86.Build.0 = Release|Win32
		{110E229F-801F-43B0-8B69-187C6ACB4A12}.Debug|x64.ActiveCfg = Debug|x64
		{110E229F-801F-43B0-8B69-187C6ACB4A12}.Debug|x64.Build.0 = Debug|x64
		{110E229F-801F-43B0-8B69-187C6ACB4A12}.Debug|x86.ActiveCfg = Debug|Win32
		{110E229F-801F-43B0-8B69-187C6ACB4A12}.Debug|x86.Build.0 = Debug|Win32
		{110E229F-801F-43B0-8B69-187C6ACB4A12}.Release|x64.ActiveCfg = Release|x64
		{110E229F-801F-43B0-8B69-187C6ACB4A12}.Release|x64.Build.0 = Release|x64
		{110E229F-801F-43B0-8B69-187C6ACB4A12}.Release|x86.ActiveCfg = Release|Win32
		{110E229F-801F-43B0-8B69-187C6ACB4A12}.Release|x86.Build.0 = Release|Win32
		{45AC3C61-C318-47E9-ACEB-2A7974A3A366}.Debug|x64.ActiveCfg = Debug|x64
		{45AC3C61-C318-47E9-ACEB-2A7974A3A366}.Debug|x64.Build.0 = Debug|x64
		{45AC3C61-C318-47E9-ACEB-2A7974A3A366}.Debug|x86.ActiveCfg = Debug|Win32
		{45AC3C61-C318-47E9-ACEB-2A7974A3A366}.Debug|x86.Build.0 = Debug|Win32
		{45AC3C61-C318-47E9-ACEB-2A7974A3A366}.Release|x64.ActiveCfg = Release|x64
		{45AC3C61-C318-47E9-ACEB-2A7974A3A366}.Release|x64.Build.0 = Release|x64
		{45AC3C61-C318-47E9-ACEB-2A7974A3A366}.Release|x86.ActiveCfg = Release|Win32
		{45AC3C61-C318-47E9-ACEB-2A7974A3A366}.Release|x86.Build.0 = Release|Win32
	EndGlobalSection
	GlobalSection(SolutionProperties) = preSolution
		HideSolutionNode = FALSE
	EndGlobalSection
EndGlobal
